# THIS IS AN AUTOGENERATED FILE. DO NOT EDIT THIS FILE DIRECTLY.
# yarn lockfile v1


"@hapi/address@^2.1.2":
  version "2.1.4"
  resolved "https://registry.yarnpkg.com/@hapi/address/-/address-2.1.4.tgz#5d67ed43f3fd41a69d4b9ff7b56e7c0d1d0a81e5"
  integrity sha512-QD1PhQk+s31P1ixsX0H0Suoupp3VMXzIVMSwobR3F3MSUO2YCV0B7xqLcUw/Bh8yuvd3LhpyqLQWTNcRmp6IdQ==

"@hapi/boom@7.x.x":
  version "7.4.11"
  resolved "https://registry.yarnpkg.com/@hapi/boom/-/boom-7.4.11.tgz#37af8417eb9416aef3367aa60fa04a1a9f1fc262"
  integrity sha512-VSU/Cnj1DXouukYxxkes4nNJonCnlogHvIff1v1RVoN4xzkKhMXX+GRmb3NyH1iar10I9WFPDv2JPwfH3GaV0A==
  dependencies:
    "@hapi/hoek" "8.x.x"

"@hapi/bourne@1.x.x":
  version "1.3.2"
  resolved "https://registry.yarnpkg.com/@hapi/bourne/-/bourne-1.3.2.tgz#0a7095adea067243ce3283e1b56b8a8f453b242a"
  integrity sha512-1dVNHT76Uu5N3eJNTYcvxee+jzX4Z9lfciqRRHCU27ihbUcYi+iSc2iml5Ke1LXe1SyJCLA0+14Jh4tXJgOppA==

"@hapi/formula@^1.2.0":
  version "1.2.0"
  resolved "https://registry.yarnpkg.com/@hapi/formula/-/formula-1.2.0.tgz#994649c7fea1a90b91a0a1e6d983523f680e10cd"
  integrity sha512-UFbtbGPjstz0eWHb+ga/GM3Z9EzqKXFWIbSOFURU0A/Gku0Bky4bCk9/h//K2Xr3IrCfjFNhMm4jyZ5dbCewGA==

"@hapi/hoek@8.x.x", "@hapi/hoek@^8.2.4", "@hapi/hoek@^8.3.0":
  version "8.5.0"
  resolved "https://registry.yarnpkg.com/@hapi/hoek/-/hoek-8.5.0.tgz#2f9ce301c8898e1c3248b0a8564696b24d1a9a5a"
  integrity sha512-7XYT10CZfPsH7j9F1Jmg1+d0ezOux2oM2GfArAzLwWe4mE2Dr3hVjsAL6+TFY49RRJlCdJDMw3nJsLFroTc8Kw==

"@hapi/joi@^16.1.7":
  version "16.1.8"
  resolved "https://registry.yarnpkg.com/@hapi/joi/-/joi-16.1.8.tgz#84c1f126269489871ad4e2decc786e0adef06839"
  integrity sha512-wAsVvTPe+FwSrsAurNt5vkg3zo+TblvC5Bb1zMVK6SJzZqw9UrJnexxR+76cpePmtUZKHAPxcQ2Bf7oVHyahhg==
  dependencies:
    "@hapi/address" "^2.1.2"
    "@hapi/formula" "^1.2.0"
    "@hapi/hoek" "^8.2.4"
    "@hapi/pinpoint" "^1.0.2"
    "@hapi/topo" "^3.1.3"

"@hapi/pinpoint@^1.0.2":
  version "1.0.2"
  resolved "https://registry.yarnpkg.com/@hapi/pinpoint/-/pinpoint-1.0.2.tgz#025b7a36dbbf4d35bf1acd071c26b20ef41e0d13"
  integrity sha512-dtXC/WkZBfC5vxscazuiJ6iq4j9oNx1SHknmIr8hofarpKUZKmlUVYVIhNVzIEgK5Wrc4GMHL5lZtt1uS2flmQ==

"@hapi/topo@^3.1.3":
  version "3.1.6"
  resolved "https://registry.yarnpkg.com/@hapi/topo/-/topo-3.1.6.tgz#68d935fa3eae7fdd5ab0d7f953f3205d8b2bfc29"
  integrity sha512-tAag0jEcjwH+P2quUfipd7liWCNX2F8NvYjQp2wtInsZxnMlypdw0FtAOLxtvvkO+GSRRbmNi8m/5y42PQJYCQ==
  dependencies:
    "@hapi/hoek" "^8.3.0"

"@hapi/wreck@^15.1.0":
  version "15.1.0"
  resolved "https://registry.yarnpkg.com/@hapi/wreck/-/wreck-15.1.0.tgz#7917cd25950ce9b023f7fd2bea6e2ef72c71e59d"
  integrity sha512-tQczYRTTeYBmvhsek/D49En/5khcShaBEmzrAaDjMrFXKJRuF8xA8+tlq1ETLBFwGd6Do6g2OC74rt11kzawzg==
  dependencies:
    "@hapi/boom" "7.x.x"
    "@hapi/bourne" "1.x.x"
    "@hapi/hoek" "8.x.x"

date-fns@^2.4.1:
  version "2.8.1"
  resolved "https://registry.yarnpkg.com/date-fns/-/date-fns-2.8.1.tgz#2109362ccb6c87c3ca011e9e31f702bc09e4123b"
  integrity sha512-EL/C8IHvYRwAHYgFRse4MGAPSqlJVlOrhVYZ75iQBKrnv+ZedmYsgwH3t+BCDuZDXpoo07+q9j4qgSSOa7irJg==

debug@^4.1.1:
  version "4.1.1"
  resolved "https://registry.yarnpkg.com/debug/-/debug-4.1.1.tgz#3b72260255109c6b589cee050f1d516139664791"
  integrity sha512-pYAIzeRo8J6KPEaJ0VWOh5Pzkbw/RetuzehGM7QRRX5he4fPHx2rdKMB256ehJCkX+XRQm16eZLqLNS8RSZXZw==
  dependencies:
    ms "^2.1.1"

ms@^2.1.1:
  version "2.1.2"
  resolved "https://registry.yarnpkg.com/ms/-/ms-2.1.2.tgz#d09d1f357b443f493382a8eb3ccd183872ae6009"
  integrity sha512-sGkPx+VjMtmA6MX27oA4FBFELFCZZ4S4XqeGOXCv68tT+jb3vk/RyaKWP0PTKyWtmLSM0b+adUTEvbs1PEaH2w==

simple-oauth2@^3.1.0:
  version "3.1.0"
  resolved "https://registry.yarnpkg.com/simple-oauth2/-/simple-oauth2-3.1.0.tgz#5c5287ff49f9586d0b233a26f7351f6bbc547a7f"
  integrity sha512-zJ8tYLnmzMkaC5Vo4qBnRWsQa5MKKjNY4yIjaHBW5qZvatYgHrfsHe3VRx7rGTUqwf2PLjbKlwW3GKrSlZmKHQ==
  dependencies:
    "@hapi/hoek" "^8.3.0"
    "@hapi/joi" "^16.1.7"
    "@hapi/wreck" "^15.1.0"
    date-fns "^2.4.1"
    debug "^4.1.1"
